<?xml version="1.0" encoding="UTF-8"?>
<!DOCTYPE plist PUBLIC "-//Apple//DTD PLIST 1.0//EN" "http://www.apple.com/DTDs/PropertyList-1.0.dtd">
<plist version="1.0">
<dict>
	<key>archiveVersion</key>
	<string>1</string>
	<key>classes</key>
	<dict/>
	<key>objectVersion</key>
	<string>46</string>
	<key>objects</key>
	<dict>
		<key>072EACDB66899F99E102DBB6</key>
		<dict>
			<key>includeInIndex</key>
			<string>1</string>
			<key>isa</key>
			<string>PBXFileReference</string>
			<key>lastKnownFileType</key>
			<string>text.xcconfig</string>
			<key>name</key>
			<string>Pods.release.xcconfig</string>
			<key>path</key>
			<string>Pods/Target Support Files/Pods/Pods.release.xcconfig</string>
			<key>sourceTree</key>
			<string>&lt;group&gt;</string>
		</dict>
		<key>08296A6ACC6791945EED7C22</key>
		<dict>
			<key>children</key>
			<array>
				<string>4994E9926F12A84FB1D244D3</string>
				<string>072EACDB66899F99E102DBB6</string>
			</array>
			<key>isa</key>
			<string>PBXGroup</string>
			<key>name</key>
			<string>Pods</string>
			<key>sourceTree</key>
			<string>&lt;group&gt;</string>
		</dict>
		<key>1E3A6032F2714E5F98D28FB8</key>
		<dict>
			<key>buildActionMask</key>
			<string>2147483647</string>
			<key>files</key>
			<array/>
			<key>inputPaths</key>
			<array/>
			<key>isa</key>
			<string>PBXShellScriptBuildPhase</string>
			<key>name</key>
			<string>Check Pods Manifest.lock</string>
			<key>outputPaths</key>
			<array/>
			<key>runOnlyForDeploymentPostprocessing</key>
			<string>0</string>
			<key>shellPath</key>
			<string>/bin/sh</string>
			<key>shellScript</key>
			<string>diff "${PODS_ROOT}/../Podfile.lock" "${PODS_ROOT}/Manifest.lock" &gt; /dev/null
if [[ $? != 0 ]] ; then
    cat &lt;&lt; EOM
error: The sandbox is not in sync with the Podfile.lock. Run 'pod install' or update your CocoaPods installation.
EOM
    exit 1
fi
</string>
			<key>showEnvVarsInLog</key>
			<string>0</string>
		</dict>
		<key>281DA597325E4191B36D0C51</key>
		<dict>
			<key>explicitFileType</key>
			<string>archive.ar</string>
			<key>includeInIndex</key>
			<string>0</string>
			<key>isa</key>
			<string>PBXFileReference</string>
			<key>path</key>
			<string>libPods.a</string>
			<key>sourceTree</key>
			<string>BUILT_PRODUCTS_DIR</string>
		</dict>
		<key>30D863F608934575A6C3A9A4</key>
		<dict>
			<key>fileRef</key>
			<string>281DA597325E4191B36D0C51</string>
			<key>isa</key>
			<string>PBXBuildFile</string>
		</dict>
		<key>4994E9926F12A84FB1D244D3</key>
		<dict>
			<key>includeInIndex</key>
			<string>1</string>
			<key>isa</key>
			<string>PBXFileReference</string>
			<key>lastKnownFileType</key>
			<string>text.xcconfig</string>
			<key>name</key>
			<string>Pods.debug.xcconfig</string>
			<key>path</key>
			<string>Pods/Target Support Files/Pods/Pods.debug.xcconfig</string>
			<key>sourceTree</key>
			<string>&lt;group&gt;</string>
		</dict>
		<key>54736B2519C861D900320826</key>
		<dict>
			<key>isa</key>
			<string>PBXFileReference</string>
			<key>lastKnownFileType</key>
			<string>text</string>
			<key>path</key>
			<string>CJADataSource.podspec</string>
			<key>sourceTree</key>
			<string>&lt;group&gt;</string>
		</dict>
		<key>65036F1E1962828C00F46CBB</key>
		<dict>
			<key>fileEncoding</key>
			<string>4</string>
			<key>isa</key>
			<string>PBXFileReference</string>
			<key>lastKnownFileType</key>
			<string>sourcecode.c.h</string>
			<key>path</key>
			<string>CJAMutableArrayDatasource.h</string>
			<key>sourceTree</key>
			<string>&lt;group&gt;</string>
		</dict>
		<key>65036F1F1962828C00F46CBB</key>
		<dict>
			<key>fileEncoding</key>
			<string>4</string>
			<key>isa</key>
			<string>PBXFileReference</string>
			<key>lastKnownFileType</key>
			<string>sourcecode.c.objc</string>
			<key>path</key>
			<string>CJAMutableArrayDatasource.m</string>
			<key>sourceTree</key>
			<string>&lt;group&gt;</string>
		</dict>
		<key>65036F201962828C00F46CBB</key>
		<dict>
			<key>fileRef</key>
			<string>65036F1F1962828C00F46CBB</string>
			<key>isa</key>
			<string>PBXBuildFile</string>
		</dict>
		<key>65036F21196292A100F46CBB</key>
		<dict>
			<key>fileEncoding</key>
			<string>4</string>
			<key>isa</key>
			<string>PBXFileReference</string>
			<key>lastKnownFileType</key>
			<string>sourcecode.c.h</string>
			<key>path</key>
			<string>NSMutableArray+CJADataSource.h</string>
			<key>sourceTree</key>
			<string>&lt;group&gt;</string>
		</dict>
		<key>65036F22196292A100F46CBB</key>
		<dict>
			<key>fileEncoding</key>
			<string>4</string>
			<key>isa</key>
			<string>PBXFileReference</string>
			<key>lastKnownFileType</key>
			<string>sourcecode.c.objc</string>
			<key>path</key>
			<string>NSMutableArray+CJADataSource.m</string>
			<key>sourceTree</key>
			<string>&lt;group&gt;</string>
		</dict>
		<key>65036F23196292A100F46CBB</key>
		<dict>
			<key>fileRef</key>
			<string>65036F22196292A100F46CBB</string>
			<key>isa</key>
			<string>PBXBuildFile</string>
		</dict>
		<key>65036F241962F08600F46CBB</key>
		<dict>
			<key>children</key>
			<array>
				<string>FA9F9E0F199D16AC00509839</string>
				<string>6531F777198C24690082B798</string>
				<string>6531F772198C1BCE0082B798</string>
				<string>65036F251962F08600F46CBB</string>
				<string>65036F2E1962F57E00F46CBB</string>
				<string>65036F2A1962F13100F46CBB</string>
			</array>
			<key>isa</key>
			<string>PBXGroup</string>
			<key>name</key>
			<string>GUI</string>
			<key>path</key>
			<string>Example/Classes/GUI</string>
			<key>sourceTree</key>
			<string>&lt;group&gt;</string>
		</dict>
		<key>65036F251962F08600F46CBB</key>
		<dict>
			<key>children</key>
			<array>
				<string>65036F261962F08600F46CBB</string>
				<string>65036F271962F08600F46CBB</string>
			</array>
			<key>isa</key>
			<string>PBXGroup</string>
			<key>path</key>
			<string>Array</string>
			<key>sourceTree</key>
			<string>&lt;group&gt;</string>
		</dict>
		<key>65036F261962F08600F46CBB</key>
		<dict>
			<key>fileEncoding</key>
			<string>4</string>
			<key>isa</key>
			<string>PBXFileReference</string>
			<key>lastKnownFileType</key>
			<string>sourcecode.c.h</string>
			<key>path</key>
			<string>CJABaseTableViewController.h</string>
			<key>sourceTree</key>
			<string>&lt;group&gt;</string>
		</dict>
		<key>65036F271962F08600F46CBB</key>
		<dict>
			<key>fileEncoding</key>
			<string>4</string>
			<key>isa</key>
			<string>PBXFileReference</string>
			<key>lastKnownFileType</key>
			<string>sourcecode.c.objc</string>
			<key>path</key>
			<string>CJABaseTableViewController.m</string>
			<key>sourceTree</key>
			<string>&lt;group&gt;</string>
		</dict>
		<key>65036F291962F08600F46CBB</key>
		<dict>
			<key>fileRef</key>
			<string>65036F271962F08600F46CBB</string>
			<key>isa</key>
			<string>PBXBuildFile</string>
		</dict>
		<key>65036F2A1962F13100F46CBB</key>
		<dict>
			<key>children</key>
			<array>
				<string>65036F2B1962F15600F46CBB</string>
				<string>65036F2C1962F15600F46CBB</string>
			</array>
			<key>isa</key>
			<string>PBXGroup</string>
			<key>name</key>
			<string>TabBar</string>
			<key>sourceTree</key>
			<string>&lt;group&gt;</string>
		</dict>
		<key>65036F2B1962F15600F46CBB</key>
		<dict>
			<key>fileEncoding</key>
			<string>4</string>
			<key>isa</key>
			<string>PBXFileReference</string>
			<key>lastKnownFileType</key>
			<string>sourcecode.c.h</string>
			<key>name</key>
			<string>CJATabBarController.h</string>
			<key>path</key>
			<string>TabBar/CJATabBarController.h</string>
			<key>sourceTree</key>
			<string>&lt;group&gt;</string>
		</dict>
		<key>65036F2C1962F15600F46CBB</key>
		<dict>
			<key>fileEncoding</key>
			<string>4</string>
			<key>isa</key>
			<string>PBXFileReference</string>
			<key>lastKnownFileType</key>
			<string>sourcecode.c.objc</string>
			<key>name</key>
			<string>CJATabBarController.m</string>
			<key>path</key>
			<string>TabBar/CJATabBarController.m</string>
			<key>sourceTree</key>
			<string>&lt;group&gt;</string>
		</dict>
		<key>65036F2D1962F15600F46CBB</key>
		<dict>
			<key>fileRef</key>
			<string>65036F2C1962F15600F46CBB</string>
			<key>isa</key>
			<string>PBXBuildFile</string>
		</dict>
		<key>65036F2E1962F57E00F46CBB</key>
		<dict>
			<key>children</key>
			<array>
				<string>657BE9E9196444EC00A826EA</string>
				<string>65036F32196303AD00F46CBB</string>
			</array>
			<key>isa</key>
			<string>PBXGroup</string>
			<key>name</key>
			<string>MutableArray</string>
			<key>sourceTree</key>
			<string>&lt;group&gt;</string>
		</dict>
		<key>65036F32196303AD00F46CBB</key>
		<dict>
			<key>children</key>
			<array>
				<string>65036F33196303AD00F46CBB</string>
				<string>65036F34196303AD00F46CBB</string>
			</array>
			<key>isa</key>
			<string>PBXGroup</string>
			<key>name</key>
			<string>ViewController</string>
			<key>path</key>
			<string>MutableArray/ViewController</string>
			<key>sourceTree</key>
			<string>&lt;group&gt;</string>
		</dict>
		<key>65036F33196303AD00F46CBB</key>
		<dict>
			<key>fileEncoding</key>
			<string>4</string>
			<key>isa</key>
			<string>PBXFileReference</string>
			<key>lastKnownFileType</key>
			<string>sourcecode.c.h</string>
			<key>path</key>
			<string>CJAMutableArrayTableViewController.h</string>
			<key>sourceTree</key>
			<string>&lt;group&gt;</string>
		</dict>
		<key>65036F34196303AD00F46CBB</key>
		<dict>
			<key>fileEncoding</key>
			<string>4</string>
			<key>isa</key>
			<string>PBXFileReference</string>
			<key>lastKnownFileType</key>
			<string>sourcecode.c.objc</string>
			<key>path</key>
			<string>CJAMutableArrayTableViewController.m</string>
			<key>sourceTree</key>
			<string>&lt;group&gt;</string>
		</dict>
		<key>65036F35196303AD00F46CBB</key>
		<dict>
			<key>fileRef</key>
			<string>65036F34196303AD00F46CBB</string>
			<key>isa</key>
			<string>PBXBuildFile</string>
		</dict>
		<key>6531F73E198C0E060082B798</key>
		<dict>
			<key>children</key>
			<array>
				<string>6531F742198C13260082B798</string>
				<string>6531F743198C13260082B798</string>
				<string>6531F744198C13260082B798</string>
				<string>6531F745198C13260082B798</string>
				<string>6531F746198C13260082B798</string>
				<string>6531F747198C13260082B798</string>
				<string>6531F748198C13260082B798</string>
				<string>6531F749198C13260082B798</string>
				<string>6531F73F198C0E570082B798</string>
			</array>
			<key>isa</key>
			<string>PBXGroup</string>
			<key>name</key>
			<string>Model</string>
			<key>sourceTree</key>
			<string>&lt;group&gt;</string>
		</dict>
		<key>6531F73F198C0E570082B798</key>
		<dict>
			<key>children</key>
			<array>
				<string>6531F740198C0E570082B798</string>
			</array>
			<key>currentVersion</key>
			<string>6531F740198C0E570082B798</string>
			<key>isa</key>
			<string>XCVersionGroup</string>
			<key>name</key>
			<string>CJADatasource.xcdatamodeld</string>
			<key>path</key>
			<string>Example/Classes/Model/CJADatasource.xcdatamodeld</string>
			<key>sourceTree</key>
			<string>&lt;group&gt;</string>
			<key>versionGroupType</key>
			<string>wrapper.xcdatamodel</string>
		</dict>
		<key>6531F740198C0E570082B798</key>
		<dict>
			<key>isa</key>
			<string>PBXFileReference</string>
			<key>lastKnownFileType</key>
			<string>wrapper.xcdatamodel</string>
			<key>path</key>
			<string>CJADatasource.xcdatamodel</string>
			<key>sourceTree</key>
			<string>&lt;group&gt;</string>
		</dict>
		<key>6531F741198C0E570082B798</key>
		<dict>
			<key>fileRef</key>
			<string>6531F73F198C0E570082B798</string>
			<key>isa</key>
			<string>PBXBuildFile</string>
		</dict>
		<key>6531F742198C13260082B798</key>
		<dict>
			<key>fileEncoding</key>
			<string>4</string>
			<key>isa</key>
			<string>PBXFileReference</string>
			<key>lastKnownFileType</key>
			<string>sourcecode.c.h</string>
			<key>name</key>
			<string>_CJACar.h</string>
			<key>path</key>
			<string>Example/Classes/Model/_CJACar.h</string>
			<key>sourceTree</key>
			<string>&lt;group&gt;</string>
		</dict>
		<key>6531F743198C13260082B798</key>
		<dict>
			<key>fileEncoding</key>
			<string>4</string>
			<key>isa</key>
			<string>PBXFileReference</string>
			<key>lastKnownFileType</key>
			<string>sourcecode.c.objc</string>
			<key>name</key>
			<string>_CJACar.m</string>
			<key>path</key>
			<string>Example/Classes/Model/_CJACar.m</string>
			<key>sourceTree</key>
			<string>&lt;group&gt;</string>
		</dict>
		<key>6531F744198C13260082B798</key>
		<dict>
			<key>fileEncoding</key>
			<string>4</string>
			<key>isa</key>
			<string>PBXFileReference</string>
			<key>lastKnownFileType</key>
			<string>sourcecode.c.h</string>
			<key>name</key>
			<string>_CJADriver.h</string>
			<key>path</key>
			<string>Example/Classes/Model/_CJADriver.h</string>
			<key>sourceTree</key>
			<string>&lt;group&gt;</string>
		</dict>
		<key>6531F745198C13260082B798</key>
		<dict>
			<key>fileEncoding</key>
			<string>4</string>
			<key>isa</key>
			<string>PBXFileReference</string>
			<key>lastKnownFileType</key>
			<string>sourcecode.c.objc</string>
			<key>name</key>
			<string>_CJADriver.m</string>
			<key>path</key>
			<string>Example/Classes/Model/_CJADriver.m</string>
			<key>sourceTree</key>
			<string>&lt;group&gt;</string>
		</dict>
		<key>6531F746198C13260082B798</key>
		<dict>
			<key>fileEncoding</key>
			<string>4</string>
			<key>isa</key>
			<string>PBXFileReference</string>
			<key>lastKnownFileType</key>
			<string>sourcecode.c.h</string>
			<key>name</key>
			<string>CJACar.h</string>
			<key>path</key>
			<string>Example/Classes/Model/CJACar.h</string>
			<key>sourceTree</key>
			<string>&lt;group&gt;</string>
		</dict>
		<key>6531F747198C13260082B798</key>
		<dict>
			<key>fileEncoding</key>
			<string>4</string>
			<key>isa</key>
			<string>PBXFileReference</string>
			<key>lastKnownFileType</key>
			<string>sourcecode.c.objc</string>
			<key>name</key>
			<string>CJACar.m</string>
			<key>path</key>
			<string>Example/Classes/Model/CJACar.m</string>
			<key>sourceTree</key>
			<string>&lt;group&gt;</string>
		</dict>
		<key>6531F748198C13260082B798</key>
		<dict>
			<key>fileEncoding</key>
			<string>4</string>
			<key>isa</key>
			<string>PBXFileReference</string>
			<key>lastKnownFileType</key>
			<string>sourcecode.c.h</string>
			<key>name</key>
			<string>CJADriver.h</string>
			<key>path</key>
			<string>Example/Classes/Model/CJADriver.h</string>
			<key>sourceTree</key>
			<string>&lt;group&gt;</string>
		</dict>
		<key>6531F749198C13260082B798</key>
		<dict>
			<key>fileEncoding</key>
			<string>4</string>
			<key>isa</key>
			<string>PBXFileReference</string>
			<key>lastKnownFileType</key>
			<string>sourcecode.c.objc</string>
			<key>name</key>
			<string>CJADriver.m</string>
			<key>path</key>
			<string>Example/Classes/Model/CJADriver.m</string>
			<key>sourceTree</key>
			<string>&lt;group&gt;</string>
		</dict>
		<key>6531F74A198C13260082B798</key>
		<dict>
			<key>fileRef</key>
			<string>6531F743198C13260082B798</string>
			<key>isa</key>
			<string>PBXBuildFile</string>
		</dict>
		<key>6531F74B198C13260082B798</key>
		<dict>
			<key>fileRef</key>
			<string>6531F745198C13260082B798</string>
			<key>isa</key>
			<string>PBXBuildFile</string>
		</dict>
		<key>6531F74C198C13260082B798</key>
		<dict>
			<key>fileRef</key>
			<string>6531F747198C13260082B798</string>
			<key>isa</key>
			<string>PBXBuildFile</string>
		</dict>
		<key>6531F74D198C13260082B798</key>
		<dict>
			<key>fileRef</key>
			<string>6531F749198C13260082B798</string>
			<key>isa</key>
			<string>PBXBuildFile</string>
		</dict>
		<key>6531F762198C15B40082B798</key>
		<dict>
			<key>children</key>
			<array>
				<string>6531F763198C15EF0082B798</string>
			</array>
			<key>isa</key>
			<string>PBXGroup</string>
			<key>name</key>
			<string>Helpers</string>
			<key>sourceTree</key>
			<string>&lt;group&gt;</string>
		</dict>
		<key>6531F763198C15EF0082B798</key>
		<dict>
			<key>children</key>
			<array>
				<string>6531F76B198C16AF0082B798</string>
				<string>6531F764198C16090082B798</string>
			</array>
			<key>isa</key>
			<string>PBXGroup</string>
			<key>name</key>
			<string>Starters</string>
			<key>sourceTree</key>
			<string>&lt;group&gt;</string>
		</dict>
		<key>6531F764198C16090082B798</key>
		<dict>
			<key>children</key>
			<array>
				<string>6531F768198C163E0082B798</string>
				<string>6531F769198C163E0082B798</string>
			</array>
			<key>isa</key>
			<string>PBXGroup</string>
			<key>name</key>
			<string>Factory</string>
			<key>sourceTree</key>
			<string>&lt;group&gt;</string>
		</dict>
		<key>6531F768198C163E0082B798</key>
		<dict>
			<key>fileEncoding</key>
			<string>4</string>
			<key>isa</key>
			<string>PBXFileReference</string>
			<key>lastKnownFileType</key>
			<string>sourcecode.c.h</string>
			<key>name</key>
			<string>CJAStarterFactory.h</string>
			<key>path</key>
			<string>Example/Classes/Helpers/Starters/Factory/CJAStarterFactory.h</string>
			<key>sourceTree</key>
			<string>&lt;group&gt;</string>
		</dict>
		<key>6531F769198C163E0082B798</key>
		<dict>
			<key>fileEncoding</key>
			<string>4</string>
			<key>isa</key>
			<string>PBXFileReference</string>
			<key>lastKnownFileType</key>
			<string>sourcecode.c.objc</string>
			<key>name</key>
			<string>CJAStarterFactory.m</string>
			<key>path</key>
			<string>Example/Classes/Helpers/Starters/Factory/CJAStarterFactory.m</string>
			<key>sourceTree</key>
			<string>&lt;group&gt;</string>
		</dict>
		<key>6531F76A198C163E0082B798</key>
		<dict>
			<key>fileRef</key>
			<string>6531F769198C163E0082B798</string>
			<key>isa</key>
			<string>PBXBuildFile</string>
		</dict>
		<key>6531F76B198C16AF0082B798</key>
		<dict>
			<key>children</key>
			<array>
				<string>6531F76C198C16C50082B798</string>
				<string>6531F76D198C16C50082B798</string>
				<string>6531F76F198C17240082B798</string>
				<string>6531F770198C17240082B798</string>
			</array>
			<key>isa</key>
			<string>PBXGroup</string>
			<key>name</key>
			<string>CoreData</string>
			<key>sourceTree</key>
			<string>&lt;group&gt;</string>
		</dict>
		<key>6531F76C198C16C50082B798</key>
		<dict>
			<key>fileEncoding</key>
			<string>4</string>
			<key>isa</key>
			<string>PBXFileReference</string>
			<key>lastKnownFileType</key>
			<string>sourcecode.c.h</string>
			<key>name</key>
			<string>CJACoreDataStarter.h</string>
			<key>path</key>
			<string>Example/Classes/Helpers/Starters/CoreData/CJACoreDataStarter.h</string>
			<key>sourceTree</key>
			<string>&lt;group&gt;</string>
		</dict>
		<key>6531F76D198C16C50082B798</key>
		<dict>
			<key>fileEncoding</key>
			<string>4</string>
			<key>isa</key>
			<string>PBXFileReference</string>
			<key>lastKnownFileType</key>
			<string>sourcecode.c.objc</string>
			<key>name</key>
			<string>CJACoreDataStarter.m</string>
			<key>path</key>
			<string>Example/Classes/Helpers/Starters/CoreData/CJACoreDataStarter.m</string>
			<key>sourceTree</key>
			<string>&lt;group&gt;</string>
		</dict>
		<key>6531F76E198C16C50082B798</key>
		<dict>
			<key>fileRef</key>
			<string>6531F76D198C16C50082B798</string>
			<key>isa</key>
			<string>PBXBuildFile</string>
		</dict>
		<key>6531F76F198C17240082B798</key>
		<dict>
			<key>fileEncoding</key>
			<string>4</string>
			<key>isa</key>
			<string>PBXFileReference</string>
			<key>lastKnownFileType</key>
			<string>sourcecode.c.h</string>
			<key>name</key>
			<string>CJACoreDataInitializer.h</string>
			<key>path</key>
			<string>Example/Classes/Helpers/Starters/CoreData/CJACoreDataInitializer.h</string>
			<key>sourceTree</key>
			<string>&lt;group&gt;</string>
		</dict>
		<key>6531F770198C17240082B798</key>
		<dict>
			<key>fileEncoding</key>
			<string>4</string>
			<key>isa</key>
			<string>PBXFileReference</string>
			<key>lastKnownFileType</key>
			<string>sourcecode.c.objc</string>
			<key>name</key>
			<string>CJACoreDataInitializer.m</string>
			<key>path</key>
			<string>Example/Classes/Helpers/Starters/CoreData/CJACoreDataInitializer.m</string>
			<key>sourceTree</key>
			<string>&lt;group&gt;</string>
		</dict>
		<key>6531F771198C17240082B798</key>
		<dict>
			<key>fileRef</key>
			<string>6531F770198C17240082B798</string>
			<key>isa</key>
			<string>PBXBuildFile</string>
		</dict>
		<key>6531F772198C1BCE0082B798</key>
		<dict>
			<key>children</key>
			<array>
				<string>6531F77C198C257D0082B798</string>
				<string>6531F773198C1C040082B798</string>
			</array>
			<key>isa</key>
			<string>PBXGroup</string>
			<key>name</key>
			<string>FetchedResultsController</string>
			<key>sourceTree</key>
			<string>&lt;group&gt;</string>
		</dict>
		<key>6531F773198C1C040082B798</key>
		<dict>
			<key>children</key>
			<array>
				<string>6531F774198C1C490082B798</string>
				<string>6531F775198C1C490082B798</string>
			</array>
			<key>isa</key>
			<string>PBXGroup</string>
			<key>name</key>
			<string>ViewController</string>
			<key>sourceTree</key>
			<string>&lt;group&gt;</string>
		</dict>
		<key>6531F774198C1C490082B798</key>
		<dict>
			<key>fileEncoding</key>
			<string>4</string>
			<key>isa</key>
			<string>PBXFileReference</string>
			<key>lastKnownFileType</key>
			<string>sourcecode.c.h</string>
			<key>name</key>
			<string>CJAFetchedResultsTableViewController.h</string>
			<key>path</key>
			<string>FetchedResultsController/CJAFetchedResultsTableViewController.h</string>
			<key>sourceTree</key>
			<string>&lt;group&gt;</string>
		</dict>
		<key>6531F775198C1C490082B798</key>
		<dict>
			<key>fileEncoding</key>
			<string>4</string>
			<key>isa</key>
			<string>PBXFileReference</string>
			<key>lastKnownFileType</key>
			<string>sourcecode.c.objc</string>
			<key>name</key>
			<string>CJAFetchedResultsTableViewController.m</string>
			<key>path</key>
			<string>FetchedResultsController/CJAFetchedResultsTableViewController.m</string>
			<key>sourceTree</key>
			<string>&lt;group&gt;</string>
		</dict>
		<key>6531F776198C1C490082B798</key>
		<dict>
			<key>fileRef</key>
			<string>6531F775198C1C490082B798</string>
			<key>isa</key>
			<string>PBXBuildFile</string>
		</dict>
		<key>6531F777198C24690082B798</key>
		<dict>
			<key>children</key>
			<array>
				<string>6531F778198C246C0082B798</string>
			</array>
			<key>isa</key>
			<string>PBXGroup</string>
			<key>name</key>
			<string>Common</string>
			<key>sourceTree</key>
			<string>&lt;group&gt;</string>
		</dict>
		<key>6531F778198C246C0082B798</key>
		<dict>
			<key>children</key>
			<array>
				<string>6531F779198C24AF0082B798</string>
				<string>6531F77A198C24AF0082B798</string>
			</array>
			<key>isa</key>
			<string>PBXGroup</string>
			<key>name</key>
			<string>Views</string>
			<key>sourceTree</key>
			<string>&lt;group&gt;</string>
		</dict>
		<key>6531F779198C24AF0082B798</key>
		<dict>
			<key>fileEncoding</key>
			<string>4</string>
			<key>isa</key>
			<string>PBXFileReference</string>
			<key>lastKnownFileType</key>
			<string>sourcecode.c.h</string>
			<key>name</key>
			<string>CJABaseTableHeaderFooterView.h</string>
			<key>path</key>
			<string>Common/Views/CJABaseTableHeaderFooterView.h</string>
			<key>sourceTree</key>
			<string>&lt;group&gt;</string>
		</dict>
		<key>6531F77A198C24AF0082B798</key>
		<dict>
			<key>fileEncoding</key>
			<string>4</string>
			<key>isa</key>
			<string>PBXFileReference</string>
			<key>lastKnownFileType</key>
			<string>sourcecode.c.objc</string>
			<key>name</key>
			<string>CJABaseTableHeaderFooterView.m</string>
			<key>path</key>
			<string>Common/Views/CJABaseTableHeaderFooterView.m</string>
			<key>sourceTree</key>
			<string>&lt;group&gt;</string>
		</dict>
		<key>6531F77B198C24AF0082B798</key>
		<dict>
			<key>fileRef</key>
			<string>6531F77A198C24AF0082B798</string>
			<key>isa</key>
			<string>PBXBuildFile</string>
		</dict>
		<key>6531F77C198C257D0082B798</key>
		<dict>
			<key>children</key>
			<array>
				<string>6531F77D198C25840082B798</string>
			</array>
			<key>isa</key>
			<string>PBXGroup</string>
			<key>name</key>
			<string>Views</string>
			<key>sourceTree</key>
			<string>&lt;group&gt;</string>
		</dict>
		<key>6531F77D198C25840082B798</key>
		<dict>
			<key>children</key>
			<array>
				<string>6531F77E198C25D70082B798</string>
				<string>6531F77F198C25D70082B798</string>
			</array>
			<key>isa</key>
			<string>PBXGroup</string>
			<key>name</key>
			<string>SectionHeaderView</string>
			<key>sourceTree</key>
			<string>&lt;group&gt;</string>
		</dict>
		<key>6531F77E198C25D70082B798</key>
		<dict>
			<key>fileEncoding</key>
			<string>4</string>
			<key>isa</key>
			<string>PBXFileReference</string>
			<key>lastKnownFileType</key>
			<string>sourcecode.c.h</string>
			<key>name</key>
			<string>CJAFetchedResultsSectionHeaderTableView.h</string>
			<key>path</key>
			<string>FetchedResultsController/Views/SectionHeaderView/CJAFetchedResultsSectionHeaderTableView.h</string>
			<key>sourceTree</key>
			<string>&lt;group&gt;</string>
		</dict>
		<key>6531F77F198C25D70082B798</key>
		<dict>
			<key>fileEncoding</key>
			<string>4</string>
			<key>isa</key>
			<string>PBXFileReference</string>
			<key>lastKnownFileType</key>
			<string>sourcecode.c.objc</string>
			<key>name</key>
			<string>CJAFetchedResultsSectionHeaderTableView.m</string>
			<key>path</key>
			<string>FetchedResultsController/Views/SectionHeaderView/CJAFetchedResultsSectionHeaderTableView.m</string>
			<key>sourceTree</key>
			<string>&lt;group&gt;</string>
		</dict>
		<key>6531F780198C25D70082B798</key>
		<dict>
			<key>fileRef</key>
			<string>6531F77F198C25D70082B798</string>
			<key>isa</key>
			<string>PBXBuildFile</string>
		</dict>
		<key>657BE9E9196444EC00A826EA</key>
		<dict>
			<key>children</key>
			<array>
				<string>657BE9EA196444F800A826EA</string>
			</array>
			<key>isa</key>
			<string>PBXGroup</string>
			<key>name</key>
			<string>Views</string>
			<key>sourceTree</key>
			<string>&lt;group&gt;</string>
		</dict>
		<key>657BE9EA196444F800A826EA</key>
		<dict>
			<key>children</key>
			<array>
				<string>657BE9EB1964458B00A826EA</string>
				<string>657BE9EC1964458B00A826EA</string>
			</array>
			<key>isa</key>
			<string>PBXGroup</string>
			<key>name</key>
			<string>SectionHeaderView</string>
			<key>sourceTree</key>
			<string>&lt;group&gt;</string>
		</dict>
		<key>657BE9EB1964458B00A826EA</key>
		<dict>
			<key>fileEncoding</key>
			<string>4</string>
			<key>isa</key>
			<string>PBXFileReference</string>
			<key>lastKnownFileType</key>
			<string>sourcecode.c.h</string>
			<key>name</key>
			<string>CJAMutableArraySectionHeaderTableView.h</string>
			<key>path</key>
			<string>MutableArray/Views/SectionHeaderView/CJAMutableArraySectionHeaderTableView.h</string>
			<key>sourceTree</key>
			<string>&lt;group&gt;</string>
		</dict>
		<key>657BE9EC1964458B00A826EA</key>
		<dict>
			<key>fileEncoding</key>
			<string>4</string>
			<key>isa</key>
			<string>PBXFileReference</string>
			<key>lastKnownFileType</key>
			<string>sourcecode.c.objc</string>
			<key>name</key>
			<string>CJAMutableArraySectionHeaderTableView.m</string>
			<key>path</key>
			<string>MutableArray/Views/SectionHeaderView/CJAMutableArraySectionHeaderTableView.m</string>
			<key>sourceTree</key>
			<string>&lt;group&gt;</string>
		</dict>
		<key>657BE9ED1964458B00A826EA</key>
		<dict>
			<key>fileRef</key>
			<string>657BE9EC1964458B00A826EA</string>
			<key>isa</key>
			<string>PBXBuildFile</string>
		</dict>
		<key>AF2948AA456B4FC5BC90E415</key>
		<dict>
			<key>buildActionMask</key>
			<string>2147483647</string>
			<key>files</key>
			<array/>
			<key>inputPaths</key>
			<array/>
			<key>isa</key>
			<string>PBXShellScriptBuildPhase</string>
			<key>name</key>
			<string>Copy Pods Resources</string>
			<key>outputPaths</key>
			<array/>
			<key>runOnlyForDeploymentPostprocessing</key>
			<string>0</string>
			<key>shellPath</key>
			<string>/bin/sh</string>
			<key>shellScript</key>
			<string>"${SRCROOT}/Pods/Target Support Files/Pods/Pods-resources.sh"
</string>
			<key>showEnvVarsInLog</key>
			<string>0</string>
		</dict>
		<key>FA3FC09D1965B69D00A9DF00</key>
		<dict>
			<key>children</key>
			<array>
				<string>FA3FC09E1965B6C700A9DF00</string>
				<string>FA3FC09F1965B6C700A9DF00</string>
			</array>
			<key>isa</key>
			<string>PBXGroup</string>
			<key>name</key>
			<string>Base</string>
			<key>sourceTree</key>
			<string>&lt;group&gt;</string>
		</dict>
		<key>FA3FC09E1965B6C700A9DF00</key>
		<dict>
			<key>fileEncoding</key>
			<string>4</string>
			<key>isa</key>
			<string>PBXFileReference</string>
			<key>lastKnownFileType</key>
			<string>sourcecode.c.h</string>
			<key>name</key>
			<string>CJATestCaseThatNeedsATableView.h</string>
			<key>path</key>
			<string>Tests/Base/CJATestCaseThatNeedsATableView.h</string>
			<key>sourceTree</key>
			<string>SOURCE_ROOT</string>
		</dict>
		<key>FA3FC09F1965B6C700A9DF00</key>
		<dict>
			<key>fileEncoding</key>
			<string>4</string>
			<key>isa</key>
			<string>PBXFileReference</string>
			<key>lastKnownFileType</key>
			<string>sourcecode.c.objc</string>
			<key>name</key>
			<string>CJATestCaseThatNeedsATableView.m</string>
			<key>path</key>
			<string>Tests/Base/CJATestCaseThatNeedsATableView.m</string>
			<key>sourceTree</key>
			<string>SOURCE_ROOT</string>
		</dict>
		<key>FA3FC0A11965B6F600A9DF00</key>
		<dict>
			<key>fileRef</key>
			<string>FA3FC09F1965B6C700A9DF00</string>
			<key>isa</key>
			<string>PBXBuildFile</string>
		</dict>
		<key>FA3FC0A219667A5500A9DF00</key>
		<dict>
			<key>fileEncoding</key>
			<string>4</string>
			<key>isa</key>
			<string>PBXFileReference</string>
			<key>lastKnownFileType</key>
			<string>sourcecode.c.objc</string>
			<key>name</key>
			<string>CJATableViewTestCase.m</string>
			<key>path</key>
			<string>Tests/CJATableViewTestCase.m</string>
			<key>sourceTree</key>
			<string>SOURCE_ROOT</string>
		</dict>
		<key>FA3FC0A319667A5500A9DF00</key>
		<dict>
			<key>fileRef</key>
			<string>FA3FC0A219667A5500A9DF00</string>
			<key>isa</key>
			<string>PBXBuildFile</string>
		</dict>
		<key>FA9F9E0C199D155000509839</key>
		<dict>
			<key>fileEncoding</key>
			<string>4</string>
			<key>isa</key>
			<string>PBXFileReference</string>
			<key>lastKnownFileType</key>
			<string>sourcecode.c.h</string>
			<key>path</key>
			<string>CJAPageViewControllerDatasource.h</string>
			<key>sourceTree</key>
			<string>&lt;group&gt;</string>
		</dict>
		<key>FA9F9E0D199D155000509839</key>
		<dict>
			<key>fileEncoding</key>
			<string>4</string>
			<key>isa</key>
			<string>PBXFileReference</string>
			<key>lastKnownFileType</key>
			<string>sourcecode.c.objc</string>
			<key>path</key>
			<string>CJAPageViewControllerDatasource.m</string>
			<key>sourceTree</key>
			<string>&lt;group&gt;</string>
		</dict>
		<key>FA9F9E0E199D155000509839</key>
		<dict>
			<key>fileRef</key>
			<string>FA9F9E0D199D155000509839</string>
			<key>isa</key>
			<string>PBXBuildFile</string>
		</dict>
		<key>FA9F9E0F199D16AC00509839</key>
		<dict>
			<key>children</key>
			<array>
				<string>FA9F9E10199D16CD00509839</string>
				<string>FA9F9E11199D16CD00509839</string>
				<string>FA9F9E13199D170000509839</string>
				<string>FA9F9E14199D170000509839</string>
			</array>
			<key>isa</key>
			<string>PBXGroup</string>
			<key>name</key>
			<string>PageViewController</string>
			<key>sourceTree</key>
			<string>&lt;group&gt;</string>
		</dict>
		<key>FA9F9E10199D16CD00509839</key>
		<dict>
			<key>fileEncoding</key>
			<string>4</string>
			<key>isa</key>
			<string>PBXFileReference</string>
			<key>lastKnownFileType</key>
			<string>sourcecode.c.h</string>
			<key>name</key>
			<string>CJAPageViewController.h</string>
			<key>path</key>
			<string>PageViewController/CJAPageViewController.h</string>
			<key>sourceTree</key>
			<string>&lt;group&gt;</string>
		</dict>
		<key>FA9F9E11199D16CD00509839</key>
		<dict>
			<key>fileEncoding</key>
			<string>4</string>
			<key>isa</key>
			<string>PBXFileReference</string>
			<key>lastKnownFileType</key>
			<string>sourcecode.c.objc</string>
			<key>name</key>
			<string>CJAPageViewController.m</string>
			<key>path</key>
			<string>PageViewController/CJAPageViewController.m</string>
			<key>sourceTree</key>
			<string>&lt;group&gt;</string>
		</dict>
		<key>FA9F9E12199D16CD00509839</key>
		<dict>
			<key>fileRef</key>
			<string>FA9F9E11199D16CD00509839</string>
			<key>isa</key>
			<string>PBXBuildFile</string>
		</dict>
		<key>FA9F9E13199D170000509839</key>
		<dict>
			<key>fileEncoding</key>
			<string>4</string>
			<key>isa</key>
			<string>PBXFileReference</string>
			<key>lastKnownFileType</key>
			<string>sourcecode.c.h</string>
			<key>name</key>
			<string>CJAPagedIndexViewController.h</string>
			<key>path</key>
			<string>PageViewController/CJAPagedIndexViewController.h</string>
			<key>sourceTree</key>
			<string>&lt;group&gt;</string>
		</dict>
		<key>FA9F9E14199D170000509839</key>
		<dict>
			<key>fileEncoding</key>
			<string>4</string>
			<key>isa</key>
			<string>PBXFileReference</string>
			<key>lastKnownFileType</key>
			<string>sourcecode.c.objc</string>
			<key>name</key>
			<string>CJAPagedIndexViewController.m</string>
			<key>path</key>
			<string>PageViewController/CJAPagedIndexViewController.m</string>
			<key>sourceTree</key>
			<string>&lt;group&gt;</string>
		</dict>
		<key>FA9F9E15199D170000509839</key>
		<dict>
			<key>fileRef</key>
			<string>FA9F9E14199D170000509839</string>
			<key>isa</key>
			<string>PBXBuildFile</string>
		</dict>
		<key>FADE3117196D4BD6009E3389</key>
		<dict>
			<key>fileEncoding</key>
			<string>4</string>
			<key>isa</key>
			<string>PBXFileReference</string>
			<key>lastKnownFileType</key>
			<string>sourcecode.c.objc</string>
			<key>name</key>
			<string>CJAArrayDataSourceTestCase.m</string>
			<key>path</key>
			<string>Tests/CJAArrayDataSourceTestCase.m</string>
			<key>sourceTree</key>
			<string>SOURCE_ROOT</string>
		</dict>
		<key>FADE3118196D4BD6009E3389</key>
		<dict>
			<key>fileRef</key>
			<string>FADE3117196D4BD6009E3389</string>
			<key>isa</key>
			<string>PBXBuildFile</string>
		</dict>
		<key>FAE859BB1960409B00B71FDA</key>
		<dict>
			<key>containerPortal</key>
			<string>FAF7A82A19603F280037E2CD</string>
			<key>isa</key>
			<string>PBXContainerItemProxy</string>
			<key>proxyType</key>
			<string>1</string>
			<key>remoteGlobalIDString</key>
			<string>FAF7A83119603F280037E2CD</string>
			<key>remoteInfo</key>
			<string>CJADataSource</string>
		</dict>
		<key>FAE859BC1960409B00B71FDA</key>
		<dict>
			<key>isa</key>
			<string>PBXTargetDependency</string>
			<key>target</key>
			<string>FAF7A83119603F280037E2CD</string>
			<key>targetProxy</key>
			<string>FAE859BB1960409B00B71FDA</string>
		</dict>
		<key>FAE859BD1960409C00B71FDA</key>
		<dict>
			<key>containerPortal</key>
			<string>FAF7A82A19603F280037E2CD</string>
			<key>isa</key>
			<string>PBXContainerItemProxy</string>
			<key>proxyType</key>
			<string>1</string>
			<key>remoteGlobalIDString</key>
			<string>FAF7A83119603F280037E2CD</string>
			<key>remoteInfo</key>
			<string>CJADataSource</string>
		</dict>
		<key>FAE859BE1960409C00B71FDA</key>
		<dict>
			<key>isa</key>
			<string>PBXTargetDependency</string>
			<key>target</key>
			<string>FAF7A83119603F280037E2CD</string>
			<key>targetProxy</key>
			<string>FAE859BD1960409C00B71FDA</string>
		</dict>
		<key>FAE859BF196040CA00B71FDA</key>
		<dict>
			<key>children</key>
			<array>
				<string>FAE859C0196040D800B71FDA</string>
				<string>FAE859C2196040E200B71FDA</string>
				<string>FAE859C1196040DD00B71FDA</string>
			</array>
			<key>isa</key>
			<string>PBXGroup</string>
			<key>name</key>
			<string>Example</string>
			<key>sourceTree</key>
			<string>&lt;group&gt;</string>
		</dict>
		<key>FAE859C0196040D800B71FDA</key>
		<dict>
			<key>children</key>
			<array>
				<string>6531F762198C15B40082B798</string>
				<string>6531F73E198C0E060082B798</string>
				<string>65036F241962F08600F46CBB</string>
				<string>FAE859C31960413300B71FDA</string>
				<string>FAE859C41960413300B71FDA</string>
			</array>
			<key>isa</key>
			<string>PBXGroup</string>
			<key>name</key>
			<string>Classes</string>
			<key>sourceTree</key>
			<string>&lt;group&gt;</string>
		</dict>
		<key>FAE859C1196040DD00B71FDA</key>
		<dict>
			<key>children</key>
			<array>
				<string>FAE859CE1960414200B71FDA</string>
			</array>
			<key>isa</key>
			<string>PBXGroup</string>
			<key>name</key>
			<string>Resources</string>
			<key>sourceTree</key>
			<string>&lt;group&gt;</string>
		</dict>
		<key>FAE859C2196040E200B71FDA</key>
		<dict>
			<key>children</key>
			<array>
				<string>FAE859C91960413B00B71FDA</string>
				<string>FAE859CA1960413B00B71FDA</string>
				<string>FAE859CB1960413B00B71FDA</string>
			</array>
			<key>isa</key>
			<string>PBXGroup</string>
			<key>name</key>
			<string>Other Sources</string>
			<key>sourceTree</key>
			<string>&lt;group&gt;</string>
		</dict>
		<key>FAE859C31960413300B71FDA</key>
		<dict>
			<key>fileEncoding</key>
			<string>4</string>
			<key>isa</key>
			<string>PBXFileReference</string>
			<key>lastKnownFileType</key>
			<string>sourcecode.c.h</string>
			<key>name</key>
			<string>CJAAppDelegate.h</string>
			<key>path</key>
			<string>Example/Classes/CJAAppDelegate.h</string>
			<key>sourceTree</key>
			<string>&lt;group&gt;</string>
		</dict>
		<key>FAE859C41960413300B71FDA</key>
		<dict>
			<key>fileEncoding</key>
			<string>4</string>
			<key>isa</key>
			<string>PBXFileReference</string>
			<key>lastKnownFileType</key>
			<string>sourcecode.c.objc</string>
			<key>name</key>
			<string>CJAAppDelegate.m</string>
			<key>path</key>
			<string>Example/Classes/CJAAppDelegate.m</string>
			<key>sourceTree</key>
			<string>&lt;group&gt;</string>
		</dict>
		<key>FAE859C71960413300B71FDA</key>
		<dict>
			<key>fileRef</key>
			<string>FAE859C41960413300B71FDA</string>
			<key>isa</key>
			<string>PBXBuildFile</string>
		</dict>
		<key>FAE859C91960413B00B71FDA</key>
		<dict>
			<key>fileEncoding</key>
			<string>4</string>
			<key>isa</key>
			<string>PBXFileReference</string>
			<key>lastKnownFileType</key>
			<string>text.plist.xml</string>
			<key>name</key>
			<string>CJADataSource-Info.plist</string>
			<key>path</key>
			<string>Example/Other Sources/CJADataSource-Info.plist</string>
			<key>sourceTree</key>
			<string>&lt;group&gt;</string>
		</dict>
		<key>FAE859CA1960413B00B71FDA</key>
		<dict>
			<key>fileEncoding</key>
			<string>4</string>
			<key>isa</key>
			<string>PBXFileReference</string>
			<key>lastKnownFileType</key>
			<string>sourcecode.c.h</string>
			<key>name</key>
			<string>CJADataSource-Prefix.pch</string>
			<key>path</key>
			<string>Example/Other Sources/CJADataSource-Prefix.pch</string>
			<key>sourceTree</key>
			<string>&lt;group&gt;</string>
		</dict>
		<key>FAE859CB1960413B00B71FDA</key>
		<dict>
			<key>fileEncoding</key>
			<string>4</string>
			<key>isa</key>
			<string>PBXFileReference</string>
			<key>lastKnownFileType</key>
			<string>sourcecode.c.objc</string>
			<key>name</key>
			<string>main.m</string>
			<key>path</key>
			<string>Example/Other Sources/main.m</string>
			<key>sourceTree</key>
			<string>&lt;group&gt;</string>
		</dict>
		<key>FAE859CD1960413B00B71FDA</key>
		<dict>
			<key>fileRef</key>
			<string>FAE859CB1960413B00B71FDA</string>
			<key>isa</key>
			<string>PBXBuildFile</string>
		</dict>
		<key>FAE859CE1960414200B71FDA</key>
		<dict>
			<key>isa</key>
			<string>PBXFileReference</string>
			<key>lastKnownFileType</key>
			<string>folder.assetcatalog</string>
			<key>name</key>
			<string>Images.xcassets</string>
			<key>path</key>
			<string>Example/Resources/Images.xcassets</string>
			<key>sourceTree</key>
			<string>&lt;group&gt;</string>
		</dict>
		<key>FAE859CF1960414200B71FDA</key>
		<dict>
			<key>fileRef</key>
			<string>FAE859CE1960414200B71FDA</string>
			<key>isa</key>
			<string>PBXBuildFile</string>
		</dict>
		<key>FAE859D01960418900B71FDA</key>
		<dict>
			<key>isa</key>
			<string>PBXFileReference</string>
			<key>lastKnownFileType</key>
			<string>text.plist.xml</string>
			<key>name</key>
			<string>CJADataSourceTests-Info.plist</string>
			<key>path</key>
			<string>Tests/CJADataSourceTests-Info.plist</string>
			<key>sourceTree</key>
			<string>SOURCE_ROOT</string>
		</dict>
		<key>FAE859D31960421800B71FDA</key>
		<dict>
			<key>fileEncoding</key>
			<string>4</string>
			<key>isa</key>
			<string>PBXFileReference</string>
			<key>lastKnownFileType</key>
			<string>sourcecode.c.h</string>
			<key>path</key>
			<string>CJAArrayDatasource.h</string>
			<key>sourceTree</key>
			<string>&lt;group&gt;</string>
		</dict>
		<key>FAE859D41960421800B71FDA</key>
		<dict>
			<key>fileEncoding</key>
			<string>4</string>
			<key>isa</key>
			<string>PBXFileReference</string>
			<key>lastKnownFileType</key>
			<string>sourcecode.c.objc</string>
			<key>path</key>
			<string>CJAArrayDatasource.m</string>
			<key>sourceTree</key>
			<string>&lt;group&gt;</string>
		</dict>
		<key>FAE859D51960421800B71FDA</key>
		<dict>
			<key>fileEncoding</key>
			<string>4</string>
			<key>isa</key>
			<string>PBXFileReference</string>
			<key>lastKnownFileType</key>
			<string>sourcecode.c.h</string>
			<key>path</key>
			<string>CJATableViewDatasource.h</string>
			<key>sourceTree</key>
			<string>&lt;group&gt;</string>
		</dict>
		<key>FAE859D61960421800B71FDA</key>
		<dict>
			<key>fileEncoding</key>
			<string>4</string>
			<key>isa</key>
			<string>PBXFileReference</string>
			<key>lastKnownFileType</key>
			<string>sourcecode.c.objc</string>
			<key>path</key>
			<string>CJATableViewDatasource.m</string>
			<key>sourceTree</key>
			<string>&lt;group&gt;</string>
		</dict>
		<key>FAE859D71960421800B71FDA</key>
		<dict>
			<key>fileEncoding</key>
			<string>4</string>
			<key>isa</key>
			<string>PBXFileReference</string>
			<key>lastKnownFileType</key>
			<string>sourcecode.c.h</string>
			<key>path</key>
			<string>CJAFetchedResultControllerDatasource.h</string>
			<key>sourceTree</key>
			<string>&lt;group&gt;</string>
		</dict>
		<key>FAE859D81960421800B71FDA</key>
		<dict>
			<key>fileEncoding</key>
			<string>4</string>
			<key>isa</key>
			<string>PBXFileReference</string>
			<key>lastKnownFileType</key>
			<string>sourcecode.c.objc</string>
			<key>path</key>
			<string>CJAFetchedResultControllerDatasource.m</string>
			<key>sourceTree</key>
			<string>&lt;group&gt;</string>
		</dict>
		<key>FAE859D91960421800B71FDA</key>
		<dict>
			<key>fileRef</key>
			<string>FAE859D41960421800B71FDA</string>
			<key>isa</key>
			<string>PBXBuildFile</string>
		</dict>
		<key>FAE859DA1960421800B71FDA</key>
		<dict>
			<key>fileRef</key>
			<string>FAE859D61960421800B71FDA</string>
			<key>isa</key>
			<string>PBXBuildFile</string>
		</dict>
		<key>FAE859DB1960421800B71FDA</key>
		<dict>
			<key>fileRef</key>
			<string>FAE859D81960421800B71FDA</string>
			<key>isa</key>
			<string>PBXBuildFile</string>
		</dict>
		<key>FAE859DD1960490C00B71FDA</key>
		<dict>
			<key>fileEncoding</key>
			<string>4</string>
			<key>isa</key>
			<string>PBXFileReference</string>
			<key>lastKnownFileType</key>
			<string>sourcecode.c.h</string>
			<key>path</key>
			<string>CJADataSource.h</string>
			<key>sourceTree</key>
			<string>&lt;group&gt;</string>
		</dict>
		<key>FAF7A82919603F280037E2CD</key>
		<dict>
			<key>children</key>
			<array>
				<string>54736B2519C861D900320826</string>
				<string>FAF7A83B19603F280037E2CD</string>
				<string>FAE859BF196040CA00B71FDA</string>
				<string>FAF7A85D19603F290037E2CD</string>
				<string>FAF7A83419603F280037E2CD</string>
				<string>FAF7A83319603F280037E2CD</string>
				<string>08296A6ACC6791945EED7C22</string>
			</array>
			<key>isa</key>
			<string>PBXGroup</string>
			<key>sourceTree</key>
			<string>&lt;group&gt;</string>
		</dict>
		<key>FAF7A82A19603F280037E2CD</key>
		<dict>
			<key>attributes</key>
			<dict>
				<key>CLASSPREFIX</key>
				<string>CJA</string>
				<key>LastUpgradeCheck</key>
				<string>0510</string>
				<key>ORGANIZATIONNAME</key>
				<string>Carl Jahn</string>
				<key>TargetAttributes</key>
				<dict>
					<key>FAF7A85519603F280037E2CD</key>
					<dict>
						<key>TestTargetID</key>
						<string>FAF7A83119603F280037E2CD</string>
					</dict>
				</dict>
			</dict>
			<key>buildConfigurationList</key>
			<string>FAF7A82D19603F280037E2CD</string>
			<key>compatibilityVersion</key>
			<string>Xcode 3.2</string>
			<key>developmentRegion</key>
			<string>English</string>
			<key>hasScannedForEncodings</key>
			<string>0</string>
			<key>isa</key>
			<string>PBXProject</string>
			<key>knownRegions</key>
			<array>
				<string>en</string>
				<string>Base</string>
			</array>
			<key>mainGroup</key>
			<string>FAF7A82919603F280037E2CD</string>
			<key>productRefGroup</key>
			<string>FAF7A83319603F280037E2CD</string>
			<key>projectDirPath</key>
			<string></string>
			<key>projectReferences</key>
			<array/>
			<key>projectRoot</key>
			<string></string>
			<key>targets</key>
			<array>
				<string>FAF7A83119603F280037E2CD</string>
				<string>FAF7A85519603F280037E2CD</string>
			</array>
		</dict>
		<key>FAF7A82D19603F280037E2CD</key>
		<dict>
			<key>buildConfigurations</key>
			<array>
				<string>FAF7A86519603F290037E2CD</string>
				<string>FAF7A86619603F290037E2CD</string>
			</array>
			<key>defaultConfigurationIsVisible</key>
			<string>0</string>
			<key>defaultConfigurationName</key>
			<string>Release</string>
			<key>isa</key>
			<string>XCConfigurationList</string>
		</dict>
		<key>FAF7A82E19603F280037E2CD</key>
		<dict>
			<key>buildActionMask</key>
			<string>2147483647</string>
			<key>files</key>
			<array>
				<string>6531F74D198C13260082B798</string>
				<string>6531F74C198C13260082B798</string>
				<string>FAE859D91960421800B71FDA</string>
				<string>FAE859DB1960421800B71FDA</string>
				<string>FA9F9E12199D16CD00509839</string>
				<string>FAE859C71960413300B71FDA</string>
				<string>FAE859DA1960421800B71FDA</string>
				<string>6531F780198C25D70082B798</string>
				<string>6531F74B198C13260082B798</string>
				<string>6531F76E198C16C50082B798</string>
				<string>FAE859CD1960413B00B71FDA</string>
				<string>65036F201962828C00F46CBB</string>
				<string>65036F2D1962F15600F46CBB</string>
				<string>6531F741198C0E570082B798</string>
				<string>65036F35196303AD00F46CBB</string>
				<string>65036F23196292A100F46CBB</string>
				<string>65036F291962F08600F46CBB</string>
				<string>6531F776198C1C490082B798</string>
				<string>6531F771198C17240082B798</string>
				<string>FA9F9E0E199D155000509839</string>
				<string>657BE9ED1964458B00A826EA</string>
				<string>6531F77B198C24AF0082B798</string>
				<string>FA9F9E15199D170000509839</string>
				<string>6531F74A198C13260082B798</string>
				<string>6531F76A198C163E0082B798</string>
			</array>
			<key>isa</key>
			<string>PBXSourcesBuildPhase</string>
			<key>runOnlyForDeploymentPostprocessing</key>
			<string>0</string>
		</dict>
		<key>FAF7A82F19603F280037E2CD</key>
		<dict>
			<key>buildActionMask</key>
			<string>2147483647</string>
			<key>files</key>
			<array>
				<string>FAF7A83819603F280037E2CD</string>
				<string>FAF7A83A19603F280037E2CD</string>
				<string>FAF7A83619603F280037E2CD</string>
				<string>30D863F608934575A6C3A9A4</string>
			</array>
			<key>isa</key>
			<string>PBXFrameworksBuildPhase</string>
			<key>runOnlyForDeploymentPostprocessing</key>
			<string>0</string>
		</dict>
		<key>FAF7A83019603F280037E2CD</key>
		<dict>
			<key>buildActionMask</key>
			<string>2147483647</string>
			<key>files</key>
			<array>
				<string>FAE859CF1960414200B71FDA</string>
			</array>
			<key>isa</key>
			<string>PBXResourcesBuildPhase</string>
			<key>runOnlyForDeploymentPostprocessing</key>
			<string>0</string>
		</dict>
		<key>FAF7A83119603F280037E2CD</key>
		<dict>
			<key>buildConfigurationList</key>
			<string>FAF7A86719603F290037E2CD</string>
			<key>buildPhases</key>
			<array>
				<string>1E3A6032F2714E5F98D28FB8</string>
				<string>FAF7A82E19603F280037E2CD</string>
				<string>FAF7A82F19603F280037E2CD</string>
				<string>FAF7A83019603F280037E2CD</string>
				<string>AF2948AA456B4FC5BC90E415</string>
			</array>
			<key>buildRules</key>
			<array/>
			<key>dependencies</key>
			<array/>
			<key>isa</key>
			<string>PBXNativeTarget</string>
			<key>name</key>
			<string>CJADataSource</string>
			<key>productName</key>
			<string>CJADataSource</string>
			<key>productReference</key>
			<string>FAF7A83219603F280037E2CD</string>
			<key>productType</key>
			<string>com.apple.product-type.application</string>
		</dict>
		<key>FAF7A83219603F280037E2CD</key>
		<dict>
			<key>explicitFileType</key>
			<string>wrapper.application</string>
			<key>includeInIndex</key>
			<string>0</string>
			<key>isa</key>
			<string>PBXFileReference</string>
			<key>path</key>
			<string>CJADataSource.app</string>
			<key>sourceTree</key>
			<string>BUILT_PRODUCTS_DIR</string>
		</dict>
		<key>FAF7A83319603F280037E2CD</key>
		<dict>
			<key>children</key>
			<array>
				<string>FAF7A83219603F280037E2CD</string>
				<string>FAF7A85619603F280037E2CD</string>
			</array>
			<key>isa</key>
			<string>PBXGroup</string>
			<key>name</key>
			<string>Products</string>
			<key>sourceTree</key>
			<string>&lt;group&gt;</string>
		</dict>
		<key>FAF7A83419603F280037E2CD</key>
		<dict>
			<key>children</key>
			<array>
				<string>FAF7A83519603F280037E2CD</string>
				<string>FAF7A83719603F280037E2CD</string>
				<string>FAF7A83919603F280037E2CD</string>
				<string>FAF7A85719603F280037E2CD</string>
				<string>281DA597325E4191B36D0C51</string>
			</array>
			<key>isa</key>
			<string>PBXGroup</string>
			<key>name</key>
			<string>Frameworks</string>
			<key>sourceTree</key>
			<string>&lt;group&gt;</string>
		</dict>
		<key>FAF7A83519603F280037E2CD</key>
		<dict>
			<key>isa</key>
			<string>PBXFileReference</string>
			<key>lastKnownFileType</key>
			<string>wrapper.framework</string>
			<key>name</key>
			<string>Foundation.framework</string>
			<key>path</key>
			<string>System/Library/Frameworks/Foundation.framework</string>
			<key>sourceTree</key>
			<string>SDKROOT</string>
		</dict>
		<key>FAF7A83619603F280037E2CD</key>
		<dict>
			<key>fileRef</key>
			<string>FAF7A83519603F280037E2CD</string>
			<key>isa</key>
			<string>PBXBuildFile</string>
		</dict>
		<key>FAF7A83719603F280037E2CD</key>
		<dict>
			<key>isa</key>
			<string>PBXFileReference</string>
			<key>lastKnownFileType</key>
			<string>wrapper.framework</string>
			<key>name</key>
			<string>CoreGraphics.framework</string>
			<key>path</key>
			<string>System/Library/Frameworks/CoreGraphics.framework</string>
			<key>sourceTree</key>
			<string>SDKROOT</string>
		</dict>
		<key>FAF7A83819603F280037E2CD</key>
		<dict>
			<key>fileRef</key>
			<string>FAF7A83719603F280037E2CD</string>
			<key>isa</key>
			<string>PBXBuildFile</string>
		</dict>
		<key>FAF7A83919603F280037E2CD</key>
		<dict>
			<key>isa</key>
			<string>PBXFileReference</string>
			<key>lastKnownFileType</key>
			<string>wrapper.framework</string>
			<key>name</key>
			<string>UIKit.framework</string>
			<key>path</key>
			<string>System/Library/Frameworks/UIKit.framework</string>
			<key>sourceTree</key>
			<string>SDKROOT</string>
		</dict>
		<key>FAF7A83A19603F280037E2CD</key>
		<dict>
			<key>fileRef</key>
			<string>FAF7A83919603F280037E2CD</string>
			<key>isa</key>
			<string>PBXBuildFile</string>
		</dict>
		<key>FAF7A83B19603F280037E2CD</key>
		<dict>
			<key>children</key>
			<array>
				<string>FAE859DD1960490C00B71FDA</string>
				<string>FAE859D51960421800B71FDA</string>
				<string>FAE859D61960421800B71FDA</string>
				<string>FAE859D31960421800B71FDA</string>
				<string>FAE859D41960421800B71FDA</string>
				<string>65036F1E1962828C00F46CBB</string>
				<string>65036F1F1962828C00F46CBB</string>
				<string>FAE859D71960421800B71FDA</string>
				<string>FAE859D81960421800B71FDA</string>
				<string>65036F21196292A100F46CBB</string>
				<string>65036F22196292A100F46CBB</string>
				<string>FA9F9E0C199D155000509839</string>
				<string>FA9F9E0D199D155000509839</string>
			</array>
			<key>isa</key>
			<string>PBXGroup</string>
			<key>path</key>
			<string>CJADataSource</string>
			<key>sourceTree</key>
			<string>&lt;group&gt;</string>
		</dict>
		<key>FAF7A85219603F280037E2CD</key>
		<dict>
			<key>buildActionMask</key>
			<string>2147483647</string>
			<key>files</key>
			<array>
				<string>FA3FC0A11965B6F600A9DF00</string>
				<string>FA3FC0A319667A5500A9DF00</string>
				<string>FADE3118196D4BD6009E3389</string>
			</array>
			<key>isa</key>
			<string>PBXSourcesBuildPhase</string>
			<key>runOnlyForDeploymentPostprocessing</key>
			<string>0</string>
		</dict>
		<key>FAF7A85319603F280037E2CD</key>
		<dict>
			<key>buildActionMask</key>
			<string>2147483647</string>
			<key>files</key>
			<array>
				<string>FAF7A85819603F280037E2CD</string>
				<string>FAF7A85A19603F290037E2CD</string>
				<string>FAF7A85919603F290037E2CD</string>
			</array>
			<key>isa</key>
			<string>PBXFrameworksBuildPhase</string>
			<key>runOnlyForDeploymentPostprocessing</key>
			<string>0</string>
		</dict>
		<key>FAF7A85419603F280037E2CD</key>
		<dict>
			<key>buildActionMask</key>
			<string>2147483647</string>
			<key>files</key>
			<array/>
			<key>isa</key>
			<string>PBXResourcesBuildPhase</string>
			<key>runOnlyForDeploymentPostprocessing</key>
			<string>0</string>
		</dict>
		<key>FAF7A85519603F280037E2CD</key>
		<dict>
			<key>buildConfigurationList</key>
			<string>FAF7A86A19603F290037E2CD</string>
			<key>buildPhases</key>
			<array>
				<string>FAF7A85219603F280037E2CD</string>
				<string>FAF7A85319603F280037E2CD</string>
				<string>FAF7A85419603F280037E2CD</string>
			</array>
			<key>buildRules</key>
			<array/>
			<key>dependencies</key>
			<array>
				<string>FAF7A85C19603F290037E2CD</string>
				<string>FAE859BC1960409B00B71FDA</string>
				<string>FAE859BE1960409C00B71FDA</string>
			</array>
			<key>isa</key>
			<string>PBXNativeTarget</string>
			<key>name</key>
			<string>CJADataSourceTests</string>
			<key>productName</key>
			<string>CJADataSourceTests</string>
			<key>productReference</key>
			<string>FAF7A85619603F280037E2CD</string>
			<key>productType</key>
			<string>com.apple.product-type.bundle.unit-test</string>
		</dict>
		<key>FAF7A85619603F280037E2CD</key>
		<dict>
			<key>explicitFileType</key>
			<string>wrapper.cfbundle</string>
			<key>includeInIndex</key>
			<string>0</string>
			<key>isa</key>
			<string>PBXFileReference</string>
			<key>path</key>
			<string>CJADataSourceTests.xctest</string>
			<key>sourceTree</key>
			<string>BUILT_PRODUCTS_DIR</string>
		</dict>
		<key>FAF7A85719603F280037E2CD</key>
		<dict>
			<key>isa</key>
			<string>PBXFileReference</string>
			<key>lastKnownFileType</key>
			<string>wrapper.framework</string>
			<key>name</key>
			<string>XCTest.framework</string>
			<key>path</key>
			<string>Library/Frameworks/XCTest.framework</string>
			<key>sourceTree</key>
			<string>DEVELOPER_DIR</string>
		</dict>
		<key>FAF7A85819603F280037E2CD</key>
		<dict>
			<key>fileRef</key>
			<string>FAF7A85719603F280037E2CD</string>
			<key>isa</key>
			<string>PBXBuildFile</string>
		</dict>
		<key>FAF7A85919603F290037E2CD</key>
		<dict>
			<key>fileRef</key>
			<string>FAF7A83519603F280037E2CD</string>
			<key>isa</key>
			<string>PBXBuildFile</string>
		</dict>
		<key>FAF7A85A19603F290037E2CD</key>
		<dict>
			<key>fileRef</key>
			<string>FAF7A83919603F280037E2CD</string>
			<key>isa</key>
			<string>PBXBuildFile</string>
		</dict>
		<key>FAF7A85B19603F290037E2CD</key>
		<dict>
			<key>containerPortal</key>
			<string>FAF7A82A19603F280037E2CD</string>
			<key>isa</key>
			<string>PBXContainerItemProxy</string>
			<key>proxyType</key>
			<string>1</string>
			<key>remoteGlobalIDString</key>
			<string>FAF7A83119603F280037E2CD</string>
			<key>remoteInfo</key>
			<string>CJADataSource</string>
		</dict>
		<key>FAF7A85C19603F290037E2CD</key>
		<dict>
			<key>isa</key>
			<string>PBXTargetDependency</string>
			<key>target</key>
			<string>FAF7A83119603F280037E2CD</string>
			<key>targetProxy</key>
			<string>FAF7A85B19603F290037E2CD</string>
		</dict>
		<key>FAF7A85D19603F290037E2CD</key>
		<dict>
			<key>children</key>
			<array>
				<string>FA3FC09D1965B69D00A9DF00</string>
				<string>FA3FC0A219667A5500A9DF00</string>
				<string>FADE3117196D4BD6009E3389</string>
				<string>FAF7A85E19603F290037E2CD</string>
			</array>
			<key>isa</key>
			<string>PBXGroup</string>
			<key>path</key>
			<string>CJADataSourceTests</string>
			<key>sourceTree</key>
			<string>&lt;group&gt;</string>
		</dict>
		<key>FAF7A85E19603F290037E2CD</key>
		<dict>
			<key>children</key>
			<array>
				<string>FAE859D01960418900B71FDA</string>
			</array>
			<key>isa</key>
			<string>PBXGroup</string>
			<key>name</key>
			<string>Supporting Files</string>
			<key>sourceTree</key>
			<string>&lt;group&gt;</string>
		</dict>
		<key>FAF7A86519603F290037E2CD</key>
		<dict>
			<key>buildSettings</key>
			<dict>
				<key>ALWAYS_SEARCH_USER_PATHS</key>
				<string>NO</string>
				<key>CLANG_CXX_LANGUAGE_STANDARD</key>
				<string>gnu++0x</string>
				<key>CLANG_CXX_LIBRARY</key>
				<string>libc++</string>
				<key>CLANG_ENABLE_MODULES</key>
				<string>YES</string>
				<key>CLANG_ENABLE_OBJC_ARC</key>
				<string>YES</string>
				<key>CLANG_WARN_BOOL_CONVERSION</key>
				<string>YES</string>
				<key>CLANG_WARN_CONSTANT_CONVERSION</key>
				<string>YES</string>
				<key>CLANG_WARN_DIRECT_OBJC_ISA_USAGE</key>
				<string>YES_ERROR</string>
				<key>CLANG_WARN_EMPTY_BODY</key>
				<string>YES</string>
				<key>CLANG_WARN_ENUM_CONVERSION</key>
				<string>YES</string>
				<key>CLANG_WARN_INT_CONVERSION</key>
				<string>YES</string>
				<key>CLANG_WARN_OBJC_ROOT_CLASS</key>
				<string>YES_ERROR</string>
				<key>CLANG_WARN__DUPLICATE_METHOD_MATCH</key>
				<string>YES</string>
				<key>CODE_SIGN_IDENTITY[sdk=iphoneos*]</key>
				<string>iPhone Developer</string>
				<key>COPY_PHASE_STRIP</key>
				<string>NO</string>
				<key>GCC_C_LANGUAGE_STANDARD</key>
				<string>gnu99</string>
				<key>GCC_DYNAMIC_NO_PIC</key>
				<string>NO</string>
				<key>GCC_OPTIMIZATION_LEVEL</key>
				<string>0</string>
				<key>GCC_PREPROCESSOR_DEFINITIONS</key>
				<array>
					<string>DEBUG=1</string>
					<string>$(inherited)</string>
				</array>
				<key>GCC_SYMBOLS_PRIVATE_EXTERN</key>
				<string>NO</string>
				<key>GCC_WARN_64_TO_32_BIT_CONVERSION</key>
				<string>YES</string>
				<key>GCC_WARN_ABOUT_RETURN_TYPE</key>
				<string>YES_ERROR</string>
				<key>GCC_WARN_UNDECLARED_SELECTOR</key>
				<string>YES</string>
				<key>GCC_WARN_UNINITIALIZED_AUTOS</key>
				<string>YES_AGGRESSIVE</string>
				<key>GCC_WARN_UNUSED_FUNCTION</key>
				<string>YES</string>
				<key>GCC_WARN_UNUSED_VARIABLE</key>
				<string>YES</string>
				<key>IPHONEOS_DEPLOYMENT_TARGET</key>
				<string>7.1</string>
				<key>ONLY_ACTIVE_ARCH</key>
				<string>YES</string>
				<key>SDKROOT</key>
				<string>iphoneos</string>
				<key>TARGETED_DEVICE_FAMILY</key>
				<string>1,2</string>
			</dict>
			<key>isa</key>
			<string>XCBuildConfiguration</string>
			<key>name</key>
			<string>Debug</string>
		</dict>
		<key>FAF7A86619603F290037E2CD</key>
		<dict>
			<key>buildSettings</key>
			<dict>
				<key>ALWAYS_SEARCH_USER_PATHS</key>
				<string>NO</string>
				<key>CLANG_CXX_LANGUAGE_STANDARD</key>
				<string>gnu++0x</string>
				<key>CLANG_CXX_LIBRARY</key>
				<string>libc++</string>
				<key>CLANG_ENABLE_MODULES</key>
				<string>YES</string>
				<key>CLANG_ENABLE_OBJC_ARC</key>
				<string>YES</string>
				<key>CLANG_WARN_BOOL_CONVERSION</key>
				<string>YES</string>
				<key>CLANG_WARN_CONSTANT_CONVERSION</key>
				<string>YES</string>
				<key>CLANG_WARN_DIRECT_OBJC_ISA_USAGE</key>
				<string>YES_ERROR</string>
				<key>CLANG_WARN_EMPTY_BODY</key>
				<string>YES</string>
				<key>CLANG_WARN_ENUM_CONVERSION</key>
				<string>YES</string>
				<key>CLANG_WARN_INT_CONVERSION</key>
				<string>YES</string>
				<key>CLANG_WARN_OBJC_ROOT_CLASS</key>
				<string>YES_ERROR</string>
				<key>CLANG_WARN__DUPLICATE_METHOD_MATCH</key>
				<string>YES</string>
				<key>CODE_SIGN_IDENTITY[sdk=iphoneos*]</key>
				<string>iPhone Developer</string>
				<key>COPY_PHASE_STRIP</key>
				<string>YES</string>
				<key>ENABLE_NS_ASSERTIONS</key>
				<string>NO</string>
				<key>GCC_C_LANGUAGE_STANDARD</key>
				<string>gnu99</string>
				<key>GCC_WARN_64_TO_32_BIT_CONVERSION</key>
				<string>YES</string>
				<key>GCC_WARN_ABOUT_RETURN_TYPE</key>
				<string>YES_ERROR</string>
				<key>GCC_WARN_UNDECLARED_SELECTOR</key>
				<string>YES</string>
				<key>GCC_WARN_UNINITIALIZED_AUTOS</key>
				<string>YES_AGGRESSIVE</string>
				<key>GCC_WARN_UNUSED_FUNCTION</key>
				<string>YES</string>
				<key>GCC_WARN_UNUSED_VARIABLE</key>
				<string>YES</string>
				<key>IPHONEOS_DEPLOYMENT_TARGET</key>
				<string>7.1</string>
				<key>SDKROOT</key>
				<string>iphoneos</string>
				<key>TARGETED_DEVICE_FAMILY</key>
				<string>1,2</string>
				<key>VALIDATE_PRODUCT</key>
				<string>YES</string>
			</dict>
			<key>isa</key>
			<string>XCBuildConfiguration</string>
			<key>name</key>
			<string>Release</string>
		</dict>
		<key>FAF7A86719603F290037E2CD</key>
		<dict>
			<key>buildConfigurations</key>
			<array>
				<string>FAF7A86819603F290037E2CD</string>
				<string>FAF7A86919603F290037E2CD</string>
			</array>
			<key>defaultConfigurationIsVisible</key>
			<string>0</string>
			<key>defaultConfigurationName</key>
			<string>Release</string>
			<key>isa</key>
			<string>XCConfigurationList</string>
		</dict>
		<key>FAF7A86819603F290037E2CD</key>
		<dict>
			<key>baseConfigurationReference</key>
			<string>4994E9926F12A84FB1D244D3</string>
			<key>buildSettings</key>
			<dict>
				<key>ASSETCATALOG_COMPILER_APPICON_NAME</key>
				<string>AppIcon</string>
				<key>ASSETCATALOG_COMPILER_LAUNCHIMAGE_NAME</key>
				<string>LaunchImage</string>
				<key>GCC_PRECOMPILE_PREFIX_HEADER</key>
				<string>YES</string>
				<key>GCC_PREFIX_HEADER</key>
				<string>Example/Other Sources/CJADataSource-Prefix.pch</string>
				<key>INFOPLIST_FILE</key>
				<string>$(SRCROOT)/Example/Other Sources/CJADataSource-Info.plist</string>
				<key>PRODUCT_NAME</key>
				<string>$(TARGET_NAME)</string>
				<key>TARGETED_DEVICE_FAMILY</key>
				<string>1</string>
				<key>WRAPPER_EXTENSION</key>
				<string>app</string>
			</dict>
			<key>isa</key>
			<string>XCBuildConfiguration</string>
			<key>name</key>
			<string>Debug</string>
		</dict>
		<key>FAF7A86919603F290037E2CD</key>
		<dict>
			<key>baseConfigurationReference</key>
			<string>072EACDB66899F99E102DBB6</string>
			<key>buildSettings</key>
			<dict>
				<key>ASSETCATALOG_COMPILER_APPICON_NAME</key>
				<string>AppIcon</string>
				<key>ASSETCATALOG_COMPILER_LAUNCHIMAGE_NAME</key>
				<string>LaunchImage</string>
				<key>GCC_PRECOMPILE_PREFIX_HEADER</key>
				<string>YES</string>
				<key>GCC_PREFIX_HEADER</key>
				<string>Example/Other Sources/CJADataSource-Prefix.pch</string>
				<key>INFOPLIST_FILE</key>
				<string>$(SRCROOT)/Example/Other Sources/CJADataSource-Info.plist</string>
				<key>PRODUCT_NAME</key>
				<string>$(TARGET_NAME)</string>
				<key>TARGETED_DEVICE_FAMILY</key>
				<string>1</string>
				<key>WRAPPER_EXTENSION</key>
				<string>app</string>
			</dict>
			<key>isa</key>
			<string>XCBuildConfiguration</string>
			<key>name</key>
			<string>Release</string>
		</dict>
		<key>FAF7A86A19603F290037E2CD</key>
		<dict>
			<key>buildConfigurations</key>
			<array>
				<string>FAF7A86B19603F290037E2CD</string>
				<string>FAF7A86C19603F290037E2CD</string>
			</array>
			<key>defaultConfigurationIsVisible</key>
			<string>0</string>
			<key>defaultConfigurationName</key>
			<string>Release</string>
			<key>isa</key>
			<string>XCConfigurationList</string>
		</dict>
		<key>FAF7A86B19603F290037E2CD</key>
		<dict>
			<key>buildSettings</key>
			<dict>
				<key>BUNDLE_LOADER</key>
				<string>$(BUILT_PRODUCTS_DIR)/CJADataSource.app/CJADataSource</string>
				<key>FRAMEWORK_SEARCH_PATHS</key>
				<array>
					<string>$(SDKROOT)/Developer/Library/Frameworks</string>
					<string>$(inherited)</string>
					<string>$(DEVELOPER_FRAMEWORKS_DIR)</string>
				</array>
				<key>GCC_PRECOMPILE_PREFIX_HEADER</key>
				<string>YES</string>
				<key>GCC_PREFIX_HEADER</key>
				<string>Example/Other Sources/CJADataSource-Prefix.pch</string>
				<key>GCC_PREPROCESSOR_DEFINITIONS</key>
				<array>
					<string>DEBUG=1</string>
					<string>$(inherited)</string>
				</array>
				<key>INFOPLIST_FILE</key>
				<string>Tests/CJADataSourceTests-Info.plist</string>
				<key>PRODUCT_NAME</key>
				<string>$(TARGET_NAME)</string>
				<key>TEST_HOST</key>
				<string>$(BUNDLE_LOADER)</string>
				<key>WRAPPER_EXTENSION</key>
				<string>xctest</string>
			</dict>
			<key>isa</key>
			<string>XCBuildConfiguration</string>
			<key>name</key>
			<string>Debug</string>
		</dict>
		<key>FAF7A86C19603F290037E2CD</key>
		<dict>
			<key>buildSettings</key>
			<dict>
				<key>BUNDLE_LOADER</key>
				<string>$(BUILT_PRODUCTS_DIR)/CJADataSource.app/CJADataSource</string>
				<key>FRAMEWORK_SEARCH_PATHS</key>
				<array>
					<string>$(SDKROOT)/Developer/Library/Frameworks</string>
					<string>$(inherited)</string>
					<string>$(DEVELOPER_FRAMEWORKS_DIR)</string>
				</array>
				<key>GCC_PRECOMPILE_PREFIX_HEADER</key>
				<string>YES</string>
				<key>GCC_PREFIX_HEADER</key>
				<string>Example/Other Sources/CJADataSource-Prefix.pch</string>
				<key>INFOPLIST_FILE</key>
				<string>Tests/CJADataSourceTests-Info.plist</string>
				<key>PRODUCT_NAME</key>
				<string>$(TARGET_NAME)</string>
				<key>TEST_HOST</key>
				<string>$(BUNDLE_LOADER)</string>
				<key>WRAPPER_EXTENSION</key>
				<string>xctest</string>
			</dict>
			<key>isa</key>
			<string>XCBuildConfiguration</string>
			<key>name</key>
			<string>Release</string>
		</dict>
	</dict>
	<key>rootObject</key>
	<string>FAF7A82A19603F280037E2CD</string>
</dict>
</plist>
