PODS:
  - CJALog (1.1.0)
  - CJAMacros (2.0.7)
  - MagicalRecord (2.2):
    - MagicalRecord/Core (= 2.2)
  - MagicalRecord/Core (2.2)

DEPENDENCIES:
  - CJALog (~> 1.1.0)
  - CJAMacros (~> 2.0.1)
  - MagicalRecord (~> 2.2)

SPEC CHECKSUMS:
  CJALog: e91c4e468145c8e42559831d251c727680b61650
  CJAMacros: 394a1c676cfd9f8cf2c9746cf0e869734d24a3c2
  MagicalRecord: f8a56bb87ab6552f20c4bb8681a1958a197ea3cd

COCOAPODS: 0.36.0.rc.1
